
Microsoft Visual Studio Solution File, Format Version 12.00
# Visual Studio Version 17
VisualStudioVersion = 17.10.35013.160
MinimumVisualStudioVersion = 10.0.40219.1
Project("{FAE04EC0-301F-11D3-BF4B-00C04F79EFBC}") = "ExceptionHandling", "ExceptionHandling\ExceptionHandling.csproj", "{C1ED2AEF-C2A2-4403-BC4E-7E158401CBC2}"
EndProject
Global
	GlobalSection(SolutionConfigurationPlatforms) = preSolution
		Debug|Any CPU = Debug|Any CPU
		Release|Any CPU = Release|Any CPU
	EndGlobalSection
	GlobalSection(ProjectConfigurationPlatforms) = postSolution
		{C1ED2AEF-C2A2-4403-BC4E-7E158401CBC2}.Debug|Any CPU.ActiveCfg = Debug|Any CPU
		{C1ED2AEF-C2A2-4403-BC4E-7E158401CBC2}.Debug|Any CPU.Build.0 = Debug|Any CPU
		{C1ED2AEF-C2A2-4403-BC4E-7E158401CBC2}.Release|Any CPU.ActiveCfg = Release|Any CPU
		{C1ED2AEF-C2A2-4403-BC4E-7E158401CBC2}.Release|Any CPU.Build.0 = Release|Any CPU
	EndGlobalSection
	GlobalSection(SolutionProperties) = preSolution
		HideSolutionNode = FALSE
	EndGlobalSection
	GlobalSection(ExtensibilityGlobals) = postSolution
		SolutionGuid = {896EFEA9-1247-4D53-8BB7-3AE134775F11}
	EndGlobalSection
EndGlobal
